
Microsoft Visual Studio Solution File, Format Version 12.00
# Visual Studio 15
VisualStudioVersion = 15.0.28010.2003
MinimumVisualStudioVersion = 10.0.40219.1
Project("{8BC9CEB8-8B4A-11D0-8D11-00A0C91BC942}") = "Win32Sprite", "Win32Sprite\Win32Sprite.vcxproj", "{F1D834E6-D9BE-49D5-967F-63B89FE35C75}"
EndProject
Global
	GlobalSection(SolutionConfigurationPlatforms) = preSolution
		Debug|x64 = Debug|x64
		Debug|x86 = Debug|x86
		Release|x64 = Release|x64
		Release|x86 = Release|x86
	EndGlobalSection
	GlobalSection(ProjectConfigurationPlatforms) = postSolution
		{F1D834E6-D9BE-49D5-967F-63B89FE35C75}.Debug|x64.ActiveCfg = Debug|x64
		{F1D834E6-D9BE-49D5-967F-63B89FE35C75}.Debug|x64.Build.0 = Debug|x64
		{F1D834E6-D9BE-49D5-967F-63B89FE35C75}.Debug|x86.ActiveCfg = Debug|Win32
		{F1D834E6-D9BE-49D5-967F-63B89FE35C75}.Debug|x86.Build.0 = Debug|Win32
		{F1D834E6-D9BE-49D5-967F-63B89FE35C75}.Release|x64.ActiveCfg = Release|x64
		{F1D834E6-D9BE-49D5-967F-63B89FE35C75}.Release|x64.Build.0 = Release|x64
		{F1D834E6-D9BE-49D5-967F-63B89FE35C75}.Release|x86.ActiveCfg = Release|Win32
		{F1D834E6-D9BE-49D5-967F-63B89FE35C75}.Release|x86.Build.0 = Release|Win32
	EndGlobalSection
	GlobalSection(SolutionProperties) = preSolution
		HideSolutionNode = FALSE
	EndGlobalSection
	GlobalSection(ExtensibilityGlobals) = postSolution
		SolutionGuid = {249A3C04-B7CD-4FD9-AB68-4604EBF38755}
	EndGlobalSection
EndGlobal
